
Microsoft Visual Studio Solution File, Format Version 12.00
# Visual Studio Version 17
VisualStudioVersion = 17.11.35303.130
MinimumVisualStudioVersion = 10.0.40219.1
Project("{FAE04EC0-301F-11D3-BF4B-00C04F79EFBC}") = "Delegates Examples", "Delegates Examples\Delegates Examples.csproj", "{514E4D72-5E00-4727-A323-277C3049FEA1}"
EndProject
Project("{FAE04EC0-301F-11D3-BF4B-00C04F79EFBC}") = "MultiCastDelegates", "MultiCastDelegates\MultiCastDelegates.csproj", "{A59A1D09-DE80-4139-BE41-40FB5ADE7488}"
EndProject
Project("{FAE04EC0-301F-11D3-BF4B-00C04F79EFBC}") = "Anonymous Methods", "Anonymous Methods\Anonymous Methods.csproj", "{B9404DD9-A21D-493A-8B3B-844DA7AB3CE3}"
EndProject
Project("{FAE04EC0-301F-11D3-BF4B-00C04F79EFBC}") = "Lambda Examples", "Lambda Examples\Lambda Examples.csproj", "{F5B8ADA6-C82A-4C01-A7ED-91AA28A4B762}"
EndProject
Project("{FAE04EC0-301F-11D3-BF4B-00C04F79EFBC}") = "Generic delegates", "Generic delegates\Generic delegates.csproj", "{7A335671-FEE9-4EDB-8D9E-7FC6D02AFDBD}"
EndProject
Global
	GlobalSection(SolutionConfigurationPlatforms) = preSolution
		Debug|Any CPU = Debug|Any CPU
		Release|Any CPU = Release|Any CPU
	EndGlobalSection
	GlobalSection(ProjectConfigurationPlatforms) = postSolution
		{514E4D72-5E00-4727-A323-277C3049FEA1}.Debug|Any CPU.ActiveCfg = Debug|Any CPU
		{514E4D72-5E00-4727-A323-277C3049FEA1}.Debug|Any CPU.Build.0 = Debug|Any CPU
		{514E4D72-5E00-4727-A323-277C3049FEA1}.Release|Any CPU.ActiveCfg = Release|Any CPU
		{514E4D72-5E00-4727-A323-277C3049FEA1}.Release|Any CPU.Build.0 = Release|Any CPU
		{A59A1D09-DE80-4139-BE41-40FB5ADE7488}.Debug|Any CPU.ActiveCfg = Debug|Any CPU
		{A59A1D09-DE80-4139-BE41-40FB5ADE7488}.Debug|Any CPU.Build.0 = Debug|Any CPU
		{A59A1D09-DE80-4139-BE41-40FB5ADE7488}.Release|Any CPU.ActiveCfg = Release|Any CPU
		{A59A1D09-DE80-4139-BE41-40FB5ADE7488}.Release|Any CPU.Build.0 = Release|Any CPU
		{B9404DD9-A21D-493A-8B3B-844DA7AB3CE3}.Debug|Any CPU.ActiveCfg = Debug|Any CPU
		{B9404DD9-A21D-493A-8B3B-844DA7AB3CE3}.Debug|Any CPU.Build.0 = Debug|Any CPU
		{B9404DD9-A21D-493A-8B3B-844DA7AB3CE3}.Release|Any CPU.ActiveCfg = Release|Any CPU
		{B9404DD9-A21D-493A-8B3B-844DA7AB3CE3}.Release|Any CPU.Build.0 = Release|Any CPU
		{F5B8ADA6-C82A-4C01-A7ED-91AA28A4B762}.Debug|Any CPU.ActiveCfg = Debug|Any CPU
		{F5B8ADA6-C82A-4C01-A7ED-91AA28A4B762}.Debug|Any CPU.Build.0 = Debug|Any CPU
		{F5B8ADA6-C82A-4C01-A7ED-91AA28A4B762}.Release|Any CPU.ActiveCfg = Release|Any CPU
		{F5B8ADA6-C82A-4C01-A7ED-91AA28A4B762}.Release|Any CPU.Build.0 = Release|Any CPU
		{7A335671-FEE9-4EDB-8D9E-7FC6D02AFDBD}.Debug|Any CPU.ActiveCfg = Debug|Any CPU
		{7A335671-FEE9-4EDB-8D9E-7FC6D02AFDBD}.Debug|Any CPU.Build.0 = Debug|Any CPU
		{7A335671-FEE9-4EDB-8D9E-7FC6D02AFDBD}.Release|Any CPU.ActiveCfg = Release|Any CPU
		{7A335671-FEE9-4EDB-8D9E-7FC6D02AFDBD}.Release|Any CPU.Build.0 = Release|Any CPU
	EndGlobalSection
	GlobalSection(SolutionProperties) = preSolution
		HideSolutionNode = FALSE
	EndGlobalSection
	GlobalSection(ExtensibilityGlobals) = postSolution
		SolutionGuid = {D88E1C5B-0292-40A7-A644-AEE49DD20477}
	EndGlobalSection
EndGlobal
